{
    "name": "alarm-clock",
    "lockfileVersion": 3,
    "requires": true,
    "packages": {
        "": {
            "dependencies": {
                "luxon": "^3.5.0",
                "node-wav-player": "^1.0.0"
            }
        },
        "node_modules/luxon": {
            "version": "3.5.0",
            "resolved": "https://registry.npmjs.org/luxon/-/luxon-3.5.0.tgz",
            "integrity": "sha512-rh+Zjr6DNfUYR3bPwJEnuwDdqMbxZW7LOQfUN4B54+Cl+0o5zaU9RJ6bcidfDtC1cWCZXQ+nvX8bf6bAji37QQ==",
            "license": "MIT",
            "engines": {
                "node": ">=12"
            }
        },
        "node_modules/node-wav-player": {
            "version": "1.0.0",
            "resolved": "https://registry.npmjs.org/node-wav-player/-/node-wav-player-1.0.0.tgz",
            "integrity": "sha512-2XHeCCsbmhsApo6rk2pSACA45kKVn1Y0joD4xLBjTdXGoOfWD4tM1nXpbXrZ8yzT6ehc33PJ8H5N2vrS15rN/A==",
            "license": "MIT"
        }
    }
}
